FORGE
  remote: http://forge.puppetlabs.com
  specs:
    dalen/puppetdbquery (1.3.3)
    puppetlabs/apache (0.9.0)
      puppetlabs/concat (>= 1.0.0)
      puppetlabs/stdlib (>= 2.4.0)
    puppetlabs/apt (1.3.0)
      puppetlabs/stdlib (>= 2.2.1)
    puppetlabs/concat (1.0.0-rc1)
    puppetlabs/firewall (0.4.2)
    puppetlabs/inifile (1.0.0)
    puppetlabs/ntp (2.0.1)
      puppetlabs/stdlib (>= 0.1.6)
    puppetlabs/stdlib (4.1.0)
    puppetlabs/tftp (0.2.1)
      puppetlabs/xinetd (>= 1.1.0)
    puppetlabs/xinetd (1.2.0)
      puppetlabs/stdlib (>= 2.2.1)
    ripienaar/concat (0.2.0)
    zleslie/dhcp (1.1.1)
      ripienaar/concat (>= 0.1.0)
    zleslie/pxe (0.0.7)
      puppetlabs/tftp (>= 0.0.0)
      ripienaar/concat (>= 0.0.0)
      xaque208/permute (>= 0.0.0)

GIT
  remote: https://github.com/jbouse/puppet-account.git
  ref: master
  sha: c0d9f26c1843c0f54d17f98611cc262f2801cece
  specs:
    puppet/account (0.0.5)

GIT
  remote: https://github.com/jbouse/puppet-common.git
  ref: master
  sha: 1b103d7b65a1dac91597de84e25daed02850dd38
  specs:
    ugns/common (0.1.0)

GIT
  remote: https://github.com/jbouse/puppet-cron.git
  ref: master
  sha: ab731c85bd2c5c82355aacdc7b99921dc1400031
  specs:
    ugns/cron (0.1.0)
      puppetlabs/stdlib (>= 3.0.0)

GIT
  remote: https://github.com/jbouse/puppet-jenkins.git
  ref: master
  sha: 898d47fc1ba01c97575c4db064681720173ca5e9
  specs:
    ugns/jenkins (0.1.0)
      puppetlabs/apt (< 2.0.0, >= 1.1.0)

GIT
  remote: https://github.com/jbouse/puppet-postfix.git
  ref: master
  sha: 06e08302000ee9f51a51a889a3360d66299d0406
  specs:
    thias/postfix (0.2.3)

GIT
  remote: https://github.com/jbouse/puppetlabs-postgresql.git
  ref: master
  sha: 1a53de99d51cbf9bee05d42158a1bab8c6c9b92c
  specs:
    puppetlabs/postgresql (2.5.0)
      puppetlabs/apt (< 2.0.0, >= 1.1.0)
      puppetlabs/concat (< 2.0.0, >= 1.0.0)
      puppetlabs/firewall (>= 0.0.4)
      puppetlabs/stdlib (< 5.0.0, >= 3.2.0)

GIT
  remote: https://github.com/jbouse/puppetlabs-puppet.git
  ref: master
  sha: 11982abfc6a9309af996ab8a1ef93218cfc4c91a
  specs:
    puppetlabs/puppet (0.0.15)
      puppetlabs/apache (>= 0.8.0)
      puppetlabs/inifile (>= 1.0.0)
      puppetlabs/puppetdb (>= 1.6.0)

GIT
  remote: https://github.com/jbouse/puppetlabs-puppetdb.git
  ref: ssl-setup
  sha: bfb9a2b6e0e853e56d62a7445a4ccba028c491e6
  specs:
    puppetlabs/puppetdb (1.6.0)
      puppetlabs/firewall (>= 0.0.4)
      puppetlabs/inifile (>= 1.0.0)
      puppetlabs/postgresql (>= 2.5.0)
      puppetlabs/stdlib (>= 2.2.0)

GIT
  remote: https://github.com/xaque208/puppet-permute.git
  ref: master
  sha: 1bf40d3f7d4d854ca5156e2d4fcf97cfb2e55ea3
  specs:
    xaque208/permute (0.0.1)

GIT
  remote: ssh://git@repo.undergrid.net:7999/ugns/ugns-gaga.git
  ref: master
  sha: 5a8b458517cfd4faa36e7bea0d1e4381d54028f4
  specs:
    ugns/gaga (0.1.0)
      puppetlabs/apache (>= 0.8.0)
      puppetlabs/stdlib (>= 3.2.0)
      ugns/common (>= 0.1.0)
      ugns/cron (>= 0.1.0)

DEPENDENCIES
  dalen/puppetdbquery (>= 0)
  puppet/account (>= 0)
  puppetlabs/ntp (>= 0)
  puppetlabs/postgresql (>= 0)
  puppetlabs/puppet (>= 0)
  puppetlabs/puppetdb (>= 0)
  puppetlabs/stdlib (>= 0)
  thias/postfix (>= 0)
  ugns/common (>= 0)
  ugns/cron (>= 0)
  ugns/gaga (>= 0)
  ugns/jenkins (>= 0)
  xaque208/permute (>= 0)
  zleslie/dhcp (>= 0)
  zleslie/pxe (>= 0)

