FORGE
  remote: http://forge.puppetlabs.com
  specs:
    arnoudj/sudo (1.1.1)
    dalen/puppetdbquery (1.3.3)
    garethr/erlang (0.2.0)
      puppetlabs/apt (>= 0.0.0)
      puppetlabs/stdlib (>= 0.0.0)
      stahnma/epel (>= 0.0.0)
    puppetlabs/activemq (0.2.0)
      puppetlabs/java (>= 0.1.0)
      puppetlabs/stdlib (>= 0.1.6)
    puppetlabs/apache (0.9.0)
      puppetlabs/concat (>= 1.0.0)
      puppetlabs/stdlib (>= 2.4.0)
    puppetlabs/apt (1.4.0)
      puppetlabs/stdlib (>= 2.2.1)
    puppetlabs/concat (1.0.0-rc1)
    puppetlabs/firewall (0.4.2)
    puppetlabs/inifile (1.0.0)
    puppetlabs/java (1.0.1)
      puppetlabs/stdlib (>= 0.1.6)
    puppetlabs/java_ks (1.2.0)
    puppetlabs/mcollective (1.1.3)
      garethr/erlang (>= 0.0.0)
      puppetlabs/activemq (~> 0.2)
      puppetlabs/java_ks (>= 0.0.0)
      puppetlabs/rabbitmq (>= 0.0.0)
      puppetlabs/stdlib (>= 0.0.0)
      richardc/datacat (~> 0.4)
    puppetlabs/ntp (3.0.0-rc1)
      puppetlabs/stdlib (>= 0.1.6)
    puppetlabs/postgresql (3.2.0)
      puppetlabs/apt (< 2.0.0, >= 1.1.0)
      puppetlabs/concat (< 2.0.0, >= 1.0.0)
      puppetlabs/firewall (>= 0.0.4)
      puppetlabs/stdlib (< 5.0.0, >= 3.2.0)
    puppetlabs/puppetdb (3.0.0)
      puppetlabs/firewall (>= 0.0.4)
      puppetlabs/inifile (~> 1)
      puppetlabs/postgresql (< 4.0.0, >= 3.1.0)
      puppetlabs/stdlib (>= 2.2.0)
    puppetlabs/rabbitmq (3.1.0)
      garethr/erlang (>= 0.1.0)
      puppetlabs/apt (>= 1.0.0)
      puppetlabs/stdlib (>= 2.0.0)
    puppetlabs/stdlib (4.1.0)
    richardc/datacat (0.4.2)
    stahnma/epel (0.0.5)

GIT
  remote: git@github.com:UGNS/jbouse-gaga.git
  ref: master
  sha: a7b532d71b8ab651dc017fe5a42fd445d4210073
  specs:
    jbouse/gaga (0.1.0)
      puppetlabs/apache (>= 0.8.0)
      puppetlabs/stdlib (>= 3.2.0)
      ugns/common (>= 0.1.0)
      ugns/cron (>= 0.1.0)

GIT
  remote: https://github.com/jbouse/puppet-account.git
  ref: develop
  sha: b2f9a98f26590290e24e7b257505b3c6ce974064
  specs:
    puppet/account (0.0.5)

GIT
  remote: https://github.com/jbouse/puppet-common.git
  ref: master
  sha: 494eb4dec10686213fe553ca7253204f866e8294
  specs:
    ugns/common (0.1.0)

GIT
  remote: https://github.com/jbouse/puppet-cron.git
  ref: master
  sha: ab731c85bd2c5c82355aacdc7b99921dc1400031
  specs:
    ugns/cron (0.1.0)
      puppetlabs/stdlib (>= 3.0.0)

GIT
  remote: https://github.com/jbouse/puppet-hipchat.git
  ref: master
  sha: 100b75eaaa5c4a6ea5165cbc4a843c8a7fc64bbc
  specs:
    jamtur01/hipchat (0.3.1)

GIT
  remote: https://github.com/jbouse/puppet-jenkins.git
  ref: master
  sha: 898d47fc1ba01c97575c4db064681720173ca5e9
  specs:
    ugns/jenkins (0.1.0)
      puppetlabs/apt (< 2.0.0, >= 1.1.0)

GIT
  remote: https://github.com/jbouse/puppet-postfix.git
  ref: master
  sha: 06e08302000ee9f51a51a889a3360d66299d0406
  specs:
    thias/postfix (0.2.3)

GIT
  remote: https://github.com/jbouse/puppetlabs-puppet.git
  ref: master
  sha: 9d91696f01b51a9497cf10817f44ddbd3b87b73d
  specs:
    puppetlabs/puppet (0.0.18)
      puppetlabs/apache (>= 0.8.0)
      puppetlabs/inifile (>= 1.0.0)
      puppetlabs/puppetdb (>= 2.0.0)

DEPENDENCIES
  arnoudj/sudo (>= 0)
  dalen/puppetdbquery (>= 0)
  jamtur01/hipchat (>= 0)
  jbouse/gaga (>= 0)
  puppet/account (>= 0)
  puppetlabs/mcollective (>= 0)
  puppetlabs/ntp (>= 0)
  puppetlabs/postgresql (>= 0)
  puppetlabs/puppet (>= 0)
  puppetlabs/puppetdb (>= 0)
  puppetlabs/stdlib (>= 0)
  thias/postfix (>= 0)
  ugns/common (>= 0)
  ugns/cron (>= 0)
  ugns/jenkins (>= 0)

