FORGE
  remote: http://forge.puppetlabs.com
  specs:
    dalen/puppetdbquery (1.3.3)
    puppetlabs/apache (0.9.0)
      puppetlabs/concat (>= 1.0.0)
      puppetlabs/stdlib (>= 2.4.0)
    puppetlabs/apt (1.3.0)
      puppetlabs/stdlib (>= 2.2.1)
    puppetlabs/concat (1.0.0-rc1)
    puppetlabs/firewall (0.4.2)
    puppetlabs/inifile (1.0.0)
    puppetlabs/ntp (2.0.1)
      puppetlabs/stdlib (>= 0.1.6)
    puppetlabs/stdlib (4.1.0)
    puppetlabs/tftp (0.2.1)
      puppetlabs/xinetd (>= 1.1.0)
    puppetlabs/xinetd (1.2.0)
      puppetlabs/stdlib (>= 2.2.1)
    ripienaar/concat (0.2.0)
    zleslie/dhcp (1.1.1)
      ripienaar/concat (>= 0.1.0)
    zleslie/pxe (0.0.7)
      puppetlabs/tftp (>= 0.0.0)
      ripienaar/concat (>= 0.0.0)
      xaque208/permute (>= 0.0.0)

GIT
  remote: https://github.com/jbouse/puppetlabs-postgresql.git
  ref: master
  sha: 1a53de99d51cbf9bee05d42158a1bab8c6c9b92c
  specs:
    puppetlabs/postgresql (2.5.0)
      puppetlabs/apt (< 2.0.0, >= 1.1.0)
      puppetlabs/concat (< 2.0.0, >= 1.0.0)
      puppetlabs/firewall (>= 0.0.4)
      puppetlabs/stdlib (< 5.0.0, >= 3.2.0)

GIT
  remote: https://github.com/jbouse/puppetlabs-puppet.git
  ref: master
  sha: 11982abfc6a9309af996ab8a1ef93218cfc4c91a
  specs:
    puppetlabs/puppet (0.0.15)
      puppetlabs/apache (>= 0.8.0)
      puppetlabs/inifile (>= 1.0.0)
      puppetlabs/puppetdb (>= 1.6.0)

GIT
  remote: https://github.com/jbouse/puppetlabs-puppetdb.git
  ref: ssl-setup
  sha: bfb9a2b6e0e853e56d62a7445a4ccba028c491e6
  specs:
    puppetlabs/puppetdb (1.6.0)
      puppetlabs/firewall (>= 0.0.4)
      puppetlabs/inifile (>= 1.0.0)
      puppetlabs/postgresql (>= 2.5.0)
      puppetlabs/stdlib (>= 2.2.0)

GIT
  remote: https://github.com/xaque208/puppet-permute.git
  ref: master
  sha: 1bf40d3f7d4d854ca5156e2d4fcf97cfb2e55ea3
  specs:
    xaque208/permute (0.0.1)

DEPENDENCIES
  dalen/puppetdbquery (>= 0)
  puppetlabs/ntp (>= 0)
  puppetlabs/postgresql (>= 0)
  puppetlabs/puppet (>= 0)
  puppetlabs/puppetdb (>= 0)
  puppetlabs/stdlib (>= 0)
  xaque208/permute (>= 0)
  zleslie/dhcp (>= 0)
  zleslie/pxe (>= 0)

